Microsoft Visual Studio Solution File, Format Version 12.00
# Visual Studio Version 18
VisualStudioVersion = 18.5.11626.173 insiders
MinimumVisualStudioVersion = 10.0.40219.1
Project("{FAE04EC0-301F-11D3-BF4B-00C04F79EFBC}") = "MinhaVidaAPI", "MinhaVidaAPI.csproj", "{BF5D7935-EBDD-74D4-8710-72DD9385D43C}"
EndProject
Global
	GlobalSection(SolutionConfigurationPlatforms) = preSolution
		Debug|Any CPU = Debug|Any CPU
		Release|Any CPU = Release|Any CPU
	EndGlobalSection
	GlobalSection(ProjectConfigurationPlatforms) = postSolution
		{BF5D7935-EBDD-74D4-8710-72DD9385D43C}.Debug|Any CPU.ActiveCfg = Debug|Any CPU
		{BF5D7935-EBDD-74D4-8710-72DD9385D43C}.Debug|Any CPU.Build.0 = Debug|Any CPU
		{BF5D7935-EBDD-74D4-8710-72DD9385D43C}.Release|Any CPU.ActiveCfg = Release|Any CPU
		{BF5D7935-EBDD-74D4-8710-72DD9385D43C}.Release|Any CPU.Build.0 = Release|Any CPU
	EndGlobalSection
	GlobalSection(SolutionProperties) = preSolution
		HideSolutionNode = FALSE
	EndGlobalSection
	GlobalSection(ExtensibilityGlobals) = postSolution
		SolutionGuid = {65F6A651-B8EB-404C-97C8-81B5B95C53FA}
	EndGlobalSection
EndGlobal
